github.com/urfave/cli v1.20.0 h1:fDqGv3UG/4jbVl/QkFwEdddtEDjh/5Ov6X+0B/3bPaw=
github.com/urfave/cli v1.20.0/go.mod h1:70zkFmudgCuE/ngEzBv17Jvp/497gISqfk5gWijbERA=
github.com/veandco/go-sdl2 v0.1.0 h1:+mM3KPG4mVsogWe3JRVCFg2B4TemV24U4tAN0IwsGYs=
github.com/veandco/go-sdl2 v0.1.0/go.mod h1:FB+kTpX9YTE+urhYiClnRzpOXbiWgaU3+5F2AB78DPg=
